# This file is autogenerated, do not edit; changes may be undone by the next 'dep ensure'.


[[projects]]
  digest = "1:1758e788ff491eac33104f164d720408fdd0c294c639c883350463c4435af316"
  name = "github.com/fogleman/gg"
  packages = ["."]
  pruneopts = "UT"
  revision = "a9ff18eccd6d57b3c8576a71a91a04868f62078c"
  version = "v1.1.0"

[[projects]]
  branch = "master"
  digest = "1:62c57507df491b657e9ae2645f30958d9964c8eeb380600469eedc951ebb3a0e"
  name = "github.com/golang/freetype"
  packages = [
    "raster",
    "truetype",
  ]
  pruneopts = "UT"
  revision = "e2365dfdc4a05e4b8299a783240d4a7d5a65d4e4"

[[projects]]
  branch = "master"
  digest = "1:c793f09249d173143b3b42e0cd0ee21a85cd976dfacc486a025aeb208c1403a8"
  name = "golang.org/x/image"
  packages = [
    "draw",
    "font",
    "font/basicfont",
    "font/plan9font",
    "math/f64",
    "math/fixed",
  ]
  pruneopts = "UT"
  revision = "c73c2afc3b812cdd6385de5a50616511c4a3d458"

[[projects]]
  branch = "master"
  digest = "1:1c6a2a9af6ef7e317f9d9b5cbb387e831abed19e7f09ec5fc6a3017fe9cdf3f6"
  name = "periph.io/x/periph"
  packages = [
    ".",
    "conn",
    "conn/display",
    "conn/gpio",
    "conn/gpio/gpioreg",
    "conn/gpio/gpiostream",
    "conn/i2c",
    "conn/i2c/i2creg",
    "conn/physic",
    "conn/pin",
    "conn/pin/pinreg",
    "conn/spi",
    "conn/spi/spireg",
    "devices/ssd1306",
    "devices/ssd1306/image1bit",
    "host",
    "host/allwinner",
    "host/am335x",
    "host/bcm283x",
    "host/beagle/black",
    "host/beagle/bone",
    "host/beagle/green",
    "host/chip",
    "host/cpu",
    "host/distro",
    "host/fs",
    "host/odroidc1",
    "host/pine64",
    "host/pmem",
    "host/rpi",
    "host/sysfs",
    "host/videocore",
  ]
  pruneopts = "UT"
  revision = "1aa000d14508a71f3d926d0a79f0f5fdd95f9596"

[solve-meta]
  analyzer-name = "dep"
  analyzer-version = 1
  input-imports = [
    "github.com/fogleman/gg",
    "periph.io/x/periph/conn/i2c/i2creg",
    "periph.io/x/periph/devices/ssd1306",
    "periph.io/x/periph/host",
  ]
  solver-name = "gps-cdcl"
  solver-version = 1
